
Microsoft Visual Studio Solution File, Format Version 12.00
# Visual Studio Version 17
VisualStudioVersion = 17.7.34018.315
MinimumVisualStudioVersion = 10.0.40219.1
Project("{FAE04EC0-301F-11D3-BF4B-00C04F79EFBC}") = "tuttavad", "tuttavad.csproj", "{ADC0C3B4-CC98-4DAF-B8B6-9C28A689DDE3}"
EndProject
Global
	GlobalSection(SolutionConfigurationPlatforms) = preSolution
		Debug|Any CPU = Debug|Any CPU
		Release|Any CPU = Release|Any CPU
	EndGlobalSection
	GlobalSection(ProjectConfigurationPlatforms) = postSolution
		{ADC0C3B4-CC98-4DAF-B8B6-9C28A689DDE3}.Debug|Any CPU.ActiveCfg = Debug|Any CPU
		{ADC0C3B4-CC98-4DAF-B8B6-9C28A689DDE3}.Debug|Any CPU.Build.0 = Debug|Any CPU
		{ADC0C3B4-CC98-4DAF-B8B6-9C28A689DDE3}.Release|Any CPU.ActiveCfg = Release|Any CPU
		{ADC0C3B4-CC98-4DAF-B8B6-9C28A689DDE3}.Release|Any CPU.Build.0 = Release|Any CPU
	EndGlobalSection
	GlobalSection(SolutionProperties) = preSolution
		HideSolutionNode = FALSE
	EndGlobalSection
	GlobalSection(ExtensibilityGlobals) = postSolution
		SolutionGuid = {0E243BB7-0C5F-4A2C-A329-0A6A8EE9BE33}
	EndGlobalSection
EndGlobal
