
Microsoft Visual Studio Solution File, Format Version 12.00
# Visual Studio Version 17
VisualStudioVersion = 17.7.34018.315
MinimumVisualStudioVersion = 10.0.40219.1
Project("{FAE04EC0-301F-11D3-BF4B-00C04F79EFBC}") = "listfor", "listfor.csproj", "{775FF25F-A116-4C82-8213-0BE0B66A939E}"
EndProject
Global
	GlobalSection(SolutionConfigurationPlatforms) = preSolution
		Debug|Any CPU = Debug|Any CPU
		Release|Any CPU = Release|Any CPU
	EndGlobalSection
	GlobalSection(ProjectConfigurationPlatforms) = postSolution
		{775FF25F-A116-4C82-8213-0BE0B66A939E}.Debug|Any CPU.ActiveCfg = Debug|Any CPU
		{775FF25F-A116-4C82-8213-0BE0B66A939E}.Debug|Any CPU.Build.0 = Debug|Any CPU
		{775FF25F-A116-4C82-8213-0BE0B66A939E}.Release|Any CPU.ActiveCfg = Release|Any CPU
		{775FF25F-A116-4C82-8213-0BE0B66A939E}.Release|Any CPU.Build.0 = Release|Any CPU
	EndGlobalSection
	GlobalSection(SolutionProperties) = preSolution
		HideSolutionNode = FALSE
	EndGlobalSection
	GlobalSection(ExtensibilityGlobals) = postSolution
		SolutionGuid = {C8CD5609-ED13-46A3-935C-2F4C35315BB8}
	EndGlobalSection
EndGlobal
