
Microsoft Visual Studio Solution File, Format Version 12.00
# Visual Studio Version 17
VisualStudioVersion = 17.9.34616.47
MinimumVisualStudioVersion = 10.0.40219.1
Project("{FAE04EC0-301F-11D3-BF4B-00C04F79EFBC}") = "cool", "cool.csproj", "{CDF20D28-5188-4E0E-A80A-F56352F561D7}"
EndProject
Global
	GlobalSection(SolutionConfigurationPlatforms) = preSolution
		Debug|Any CPU = Debug|Any CPU
		Release|Any CPU = Release|Any CPU
	EndGlobalSection
	GlobalSection(ProjectConfigurationPlatforms) = postSolution
		{CDF20D28-5188-4E0E-A80A-F56352F561D7}.Debug|Any CPU.ActiveCfg = Debug|Any CPU
		{CDF20D28-5188-4E0E-A80A-F56352F561D7}.Debug|Any CPU.Build.0 = Debug|Any CPU
		{CDF20D28-5188-4E0E-A80A-F56352F561D7}.Release|Any CPU.ActiveCfg = Release|Any CPU
		{CDF20D28-5188-4E0E-A80A-F56352F561D7}.Release|Any CPU.Build.0 = Release|Any CPU
	EndGlobalSection
	GlobalSection(SolutionProperties) = preSolution
		HideSolutionNode = FALSE
	EndGlobalSection
	GlobalSection(ExtensibilityGlobals) = postSolution
		SolutionGuid = {EAD57374-0D3D-4585-9C60-5DD61BF6B580}
	EndGlobalSection
EndGlobal
