
Microsoft Visual Studio Solution File, Format Version 12.00
# Visual Studio Version 17
VisualStudioVersion = 17.7.34018.315
MinimumVisualStudioVersion = 10.0.40219.1
Project("{FAE04EC0-301F-11D3-BF4B-00C04F79EFBC}") = "forloop", "forloop.csproj", "{FC7BAF8D-E21E-4758-AC91-B7CA26182FCD}"
EndProject
Global
	GlobalSection(SolutionConfigurationPlatforms) = preSolution
		Debug|Any CPU = Debug|Any CPU
		Release|Any CPU = Release|Any CPU
	EndGlobalSection
	GlobalSection(ProjectConfigurationPlatforms) = postSolution
		{FC7BAF8D-E21E-4758-AC91-B7CA26182FCD}.Debug|Any CPU.ActiveCfg = Debug|Any CPU
		{FC7BAF8D-E21E-4758-AC91-B7CA26182FCD}.Debug|Any CPU.Build.0 = Debug|Any CPU
		{FC7BAF8D-E21E-4758-AC91-B7CA26182FCD}.Release|Any CPU.ActiveCfg = Release|Any CPU
		{FC7BAF8D-E21E-4758-AC91-B7CA26182FCD}.Release|Any CPU.Build.0 = Release|Any CPU
	EndGlobalSection
	GlobalSection(SolutionProperties) = preSolution
		HideSolutionNode = FALSE
	EndGlobalSection
	GlobalSection(ExtensibilityGlobals) = postSolution
		SolutionGuid = {BD098A25-82E2-4467-A593-42C3CE7284DE}
	EndGlobalSection
EndGlobal
