
Microsoft Visual Studio Solution File, Format Version 12.00
# Visual Studio Version 17
VisualStudioVersion = 17.7.34018.315
MinimumVisualStudioVersion = 10.0.40219.1
Project("{FAE04EC0-301F-11D3-BF4B-00C04F79EFBC}") = "autoforeach", "autoforeach.csproj", "{5B490615-E72A-4200-8556-CA25C64054DE}"
EndProject
Global
	GlobalSection(SolutionConfigurationPlatforms) = preSolution
		Debug|Any CPU = Debug|Any CPU
		Release|Any CPU = Release|Any CPU
	EndGlobalSection
	GlobalSection(ProjectConfigurationPlatforms) = postSolution
		{5B490615-E72A-4200-8556-CA25C64054DE}.Debug|Any CPU.ActiveCfg = Debug|Any CPU
		{5B490615-E72A-4200-8556-CA25C64054DE}.Debug|Any CPU.Build.0 = Debug|Any CPU
		{5B490615-E72A-4200-8556-CA25C64054DE}.Release|Any CPU.ActiveCfg = Release|Any CPU
		{5B490615-E72A-4200-8556-CA25C64054DE}.Release|Any CPU.Build.0 = Release|Any CPU
	EndGlobalSection
	GlobalSection(SolutionProperties) = preSolution
		HideSolutionNode = FALSE
	EndGlobalSection
	GlobalSection(ExtensibilityGlobals) = postSolution
		SolutionGuid = {71C642CD-D18A-4D5F-9B72-38F5C8CBCE4A}
	EndGlobalSection
EndGlobal
