
Microsoft Visual Studio Solution File, Format Version 12.00
# Visual Studio Version 17
VisualStudioVersion = 17.9.34728.123
MinimumVisualStudioVersion = 10.0.40219.1
Project("{9A19103F-16F7-4668-BE54-9A1E7A4F7556}") = "Encapsulation", "Encapsulation.csproj", "{402D6022-7F7F-4E39-94C8-A58ACCD824CA}"
EndProject
Project("{FAE04EC0-301F-11D3-BF4B-00C04F79EFBC}") = "Encapsulation.Services", "..\Encapsulation.Services\Encapsulation.Services.csproj", "{26B05500-4FA2-4650-AC7B-0DE3693B92B5}"
EndProject
Global
	GlobalSection(SolutionConfigurationPlatforms) = preSolution
		Debug|Any CPU = Debug|Any CPU
		Release|Any CPU = Release|Any CPU
	EndGlobalSection
	GlobalSection(ProjectConfigurationPlatforms) = postSolution
		{402D6022-7F7F-4E39-94C8-A58ACCD824CA}.Debug|Any CPU.ActiveCfg = Debug|Any CPU
		{402D6022-7F7F-4E39-94C8-A58ACCD824CA}.Debug|Any CPU.Build.0 = Debug|Any CPU
		{402D6022-7F7F-4E39-94C8-A58ACCD824CA}.Release|Any CPU.ActiveCfg = Release|Any CPU
		{402D6022-7F7F-4E39-94C8-A58ACCD824CA}.Release|Any CPU.Build.0 = Release|Any CPU
		{26B05500-4FA2-4650-AC7B-0DE3693B92B5}.Debug|Any CPU.ActiveCfg = Debug|Any CPU
		{26B05500-4FA2-4650-AC7B-0DE3693B92B5}.Debug|Any CPU.Build.0 = Debug|Any CPU
		{26B05500-4FA2-4650-AC7B-0DE3693B92B5}.Release|Any CPU.ActiveCfg = Release|Any CPU
		{26B05500-4FA2-4650-AC7B-0DE3693B92B5}.Release|Any CPU.Build.0 = Release|Any CPU
	EndGlobalSection
	GlobalSection(SolutionProperties) = preSolution
		HideSolutionNode = FALSE
	EndGlobalSection
	GlobalSection(ExtensibilityGlobals) = postSolution
		SolutionGuid = {5402FC78-C921-41A4-84E5-17183CE6F680}
	EndGlobalSection
EndGlobal
