
Microsoft Visual Studio Solution File, Format Version 12.00
# Visual Studio Version 17
VisualStudioVersion = 17.7.34018.315
MinimumVisualStudioVersion = 10.0.40219.1
Project("{FAE04EC0-301F-11D3-BF4B-00C04F79EFBC}") = "liivakell", "liivakell.csproj", "{BD2A2025-4CBE-4FD3-BF00-0C4239FC54FC}"
EndProject
Global
	GlobalSection(SolutionConfigurationPlatforms) = preSolution
		Debug|Any CPU = Debug|Any CPU
		Release|Any CPU = Release|Any CPU
	EndGlobalSection
	GlobalSection(ProjectConfigurationPlatforms) = postSolution
		{BD2A2025-4CBE-4FD3-BF00-0C4239FC54FC}.Debug|Any CPU.ActiveCfg = Debug|Any CPU
		{BD2A2025-4CBE-4FD3-BF00-0C4239FC54FC}.Debug|Any CPU.Build.0 = Debug|Any CPU
		{BD2A2025-4CBE-4FD3-BF00-0C4239FC54FC}.Release|Any CPU.ActiveCfg = Release|Any CPU
		{BD2A2025-4CBE-4FD3-BF00-0C4239FC54FC}.Release|Any CPU.Build.0 = Release|Any CPU
	EndGlobalSection
	GlobalSection(SolutionProperties) = preSolution
		HideSolutionNode = FALSE
	EndGlobalSection
	GlobalSection(ExtensibilityGlobals) = postSolution
		SolutionGuid = {D5E169C3-F8C8-474B-9D99-511810EFC138}
	EndGlobalSection
EndGlobal
