
Microsoft Visual Studio Solution File, Format Version 12.00
# Visual Studio Version 17
VisualStudioVersion = 17.7.34018.315
MinimumVisualStudioVersion = 10.0.40219.1
Project("{FAE04EC0-301F-11D3-BF4B-00C04F79EFBC}") = "dicegame", "dicegame.csproj", "{742E12CA-BF5B-47AB-A53F-A275EA83E108}"
EndProject
Global
	GlobalSection(SolutionConfigurationPlatforms) = preSolution
		Debug|Any CPU = Debug|Any CPU
		Release|Any CPU = Release|Any CPU
	EndGlobalSection
	GlobalSection(ProjectConfigurationPlatforms) = postSolution
		{742E12CA-BF5B-47AB-A53F-A275EA83E108}.Debug|Any CPU.ActiveCfg = Debug|Any CPU
		{742E12CA-BF5B-47AB-A53F-A275EA83E108}.Debug|Any CPU.Build.0 = Debug|Any CPU
		{742E12CA-BF5B-47AB-A53F-A275EA83E108}.Release|Any CPU.ActiveCfg = Release|Any CPU
		{742E12CA-BF5B-47AB-A53F-A275EA83E108}.Release|Any CPU.Build.0 = Release|Any CPU
	EndGlobalSection
	GlobalSection(SolutionProperties) = preSolution
		HideSolutionNode = FALSE
	EndGlobalSection
	GlobalSection(ExtensibilityGlobals) = postSolution
		SolutionGuid = {D0DEE9EF-1E7D-4357-B99E-823BD09F8A92}
	EndGlobalSection
EndGlobal
