
Microsoft Visual Studio Solution File, Format Version 12.00
# Visual Studio Version 17
VisualStudioVersion = 17.7.34018.315
MinimumVisualStudioVersion = 10.0.40219.1
Project("{FAE04EC0-301F-11D3-BF4B-00C04F79EFBC}") = "link", "link.csproj", "{08040A9A-2468-477C-BDDC-63897C508C4E}"
EndProject
Global
	GlobalSection(SolutionConfigurationPlatforms) = preSolution
		Debug|Any CPU = Debug|Any CPU
		Release|Any CPU = Release|Any CPU
	EndGlobalSection
	GlobalSection(ProjectConfigurationPlatforms) = postSolution
		{08040A9A-2468-477C-BDDC-63897C508C4E}.Debug|Any CPU.ActiveCfg = Debug|Any CPU
		{08040A9A-2468-477C-BDDC-63897C508C4E}.Debug|Any CPU.Build.0 = Debug|Any CPU
		{08040A9A-2468-477C-BDDC-63897C508C4E}.Release|Any CPU.ActiveCfg = Release|Any CPU
		{08040A9A-2468-477C-BDDC-63897C508C4E}.Release|Any CPU.Build.0 = Release|Any CPU
	EndGlobalSection
	GlobalSection(SolutionProperties) = preSolution
		HideSolutionNode = FALSE
	EndGlobalSection
	GlobalSection(ExtensibilityGlobals) = postSolution
		SolutionGuid = {4ED5945C-E3F0-4A3F-B23D-35F7720E328F}
	EndGlobalSection
EndGlobal
