
Microsoft Visual Studio Solution File, Format Version 12.00
# Visual Studio Version 17
VisualStudioVersion = 17.7.34018.315
MinimumVisualStudioVersion = 10.0.40219.1
Project("{FAE04EC0-301F-11D3-BF4B-00C04F79EFBC}") = "FORKILLKOLL", "FORKILLKOLL.csproj", "{45C430AB-4EB7-4C20-99BD-19D6F92FDC1B}"
EndProject
Global
	GlobalSection(SolutionConfigurationPlatforms) = preSolution
		Debug|Any CPU = Debug|Any CPU
		Release|Any CPU = Release|Any CPU
	EndGlobalSection
	GlobalSection(ProjectConfigurationPlatforms) = postSolution
		{45C430AB-4EB7-4C20-99BD-19D6F92FDC1B}.Debug|Any CPU.ActiveCfg = Debug|Any CPU
		{45C430AB-4EB7-4C20-99BD-19D6F92FDC1B}.Debug|Any CPU.Build.0 = Debug|Any CPU
		{45C430AB-4EB7-4C20-99BD-19D6F92FDC1B}.Release|Any CPU.ActiveCfg = Release|Any CPU
		{45C430AB-4EB7-4C20-99BD-19D6F92FDC1B}.Release|Any CPU.Build.0 = Release|Any CPU
	EndGlobalSection
	GlobalSection(SolutionProperties) = preSolution
		HideSolutionNode = FALSE
	EndGlobalSection
	GlobalSection(ExtensibilityGlobals) = postSolution
		SolutionGuid = {467C3BEC-AA4D-4825-9854-A14973F5B7D7}
	EndGlobalSection
EndGlobal
