
Microsoft Visual Studio Solution File, Format Version 12.00
# Visual Studio Version 17
VisualStudioVersion = 17.7.34018.315
MinimumVisualStudioVersion = 10.0.40219.1
Project("{FAE04EC0-301F-11D3-BF4B-00C04F79EFBC}") = "pinpong", "pinpong.csproj", "{D828C642-3D0D-4700-8DE5-C6670B7E05E6}"
EndProject
Global
	GlobalSection(SolutionConfigurationPlatforms) = preSolution
		Debug|Any CPU = Debug|Any CPU
		Release|Any CPU = Release|Any CPU
	EndGlobalSection
	GlobalSection(ProjectConfigurationPlatforms) = postSolution
		{D828C642-3D0D-4700-8DE5-C6670B7E05E6}.Debug|Any CPU.ActiveCfg = Debug|Any CPU
		{D828C642-3D0D-4700-8DE5-C6670B7E05E6}.Debug|Any CPU.Build.0 = Debug|Any CPU
		{D828C642-3D0D-4700-8DE5-C6670B7E05E6}.Release|Any CPU.ActiveCfg = Release|Any CPU
		{D828C642-3D0D-4700-8DE5-C6670B7E05E6}.Release|Any CPU.Build.0 = Release|Any CPU
	EndGlobalSection
	GlobalSection(SolutionProperties) = preSolution
		HideSolutionNode = FALSE
	EndGlobalSection
	GlobalSection(ExtensibilityGlobals) = postSolution
		SolutionGuid = {D5824476-89E4-4678-9150-8E21E041065A}
	EndGlobalSection
EndGlobal
