
Microsoft Visual Studio Solution File, Format Version 12.00
# Visual Studio Version 17
VisualStudioVersion = 17.7.34018.315
MinimumVisualStudioVersion = 10.0.40219.1
Project("{FAE04EC0-301F-11D3-BF4B-00C04F79EFBC}") = "ConsoleApp1", "ConsoleApp1.csproj", "{B7FBB2CE-5421-43D7-84BD-87BA032B4CFF}"
EndProject
Global
	GlobalSection(SolutionConfigurationPlatforms) = preSolution
		Debug|Any CPU = Debug|Any CPU
		Release|Any CPU = Release|Any CPU
	EndGlobalSection
	GlobalSection(ProjectConfigurationPlatforms) = postSolution
		{B7FBB2CE-5421-43D7-84BD-87BA032B4CFF}.Debug|Any CPU.ActiveCfg = Debug|Any CPU
		{B7FBB2CE-5421-43D7-84BD-87BA032B4CFF}.Debug|Any CPU.Build.0 = Debug|Any CPU
		{B7FBB2CE-5421-43D7-84BD-87BA032B4CFF}.Release|Any CPU.ActiveCfg = Release|Any CPU
		{B7FBB2CE-5421-43D7-84BD-87BA032B4CFF}.Release|Any CPU.Build.0 = Release|Any CPU
	EndGlobalSection
	GlobalSection(SolutionProperties) = preSolution
		HideSolutionNode = FALSE
	EndGlobalSection
	GlobalSection(ExtensibilityGlobals) = postSolution
		SolutionGuid = {5981A6CA-ADF0-43B6-BD9C-E92C97233D67}
	EndGlobalSection
EndGlobal
