
Microsoft Visual Studio Solution File, Format Version 12.00
# Visual Studio Version 17
VisualStudioVersion = 17.7.34018.315
MinimumVisualStudioVersion = 10.0.40219.1
Project("{FAE04EC0-301F-11D3-BF4B-00C04F79EFBC}") = "randomasteriks", "randomasteriks.csproj", "{AD069220-72D4-41F8-BA13-69F3E2D121A7}"
EndProject
Global
	GlobalSection(SolutionConfigurationPlatforms) = preSolution
		Debug|Any CPU = Debug|Any CPU
		Release|Any CPU = Release|Any CPU
	EndGlobalSection
	GlobalSection(ProjectConfigurationPlatforms) = postSolution
		{AD069220-72D4-41F8-BA13-69F3E2D121A7}.Debug|Any CPU.ActiveCfg = Debug|Any CPU
		{AD069220-72D4-41F8-BA13-69F3E2D121A7}.Debug|Any CPU.Build.0 = Debug|Any CPU
		{AD069220-72D4-41F8-BA13-69F3E2D121A7}.Release|Any CPU.ActiveCfg = Release|Any CPU
		{AD069220-72D4-41F8-BA13-69F3E2D121A7}.Release|Any CPU.Build.0 = Release|Any CPU
	EndGlobalSection
	GlobalSection(SolutionProperties) = preSolution
		HideSolutionNode = FALSE
	EndGlobalSection
	GlobalSection(ExtensibilityGlobals) = postSolution
		SolutionGuid = {1988F690-B90B-42E5-B7E0-8755E22113A0}
	EndGlobalSection
EndGlobal
