
Microsoft Visual Studio Solution File, Format Version 12.00
# Visual Studio Version 17
VisualStudioVersion = 17.7.34018.315
MinimumVisualStudioVersion = 10.0.40219.1
Project("{FAE04EC0-301F-11D3-BF4B-00C04F79EFBC}") = "Whiledoshapes", "Whiledoshapes.csproj", "{364601C6-635F-4008-8F1E-553829F276FF}"
EndProject
Global
	GlobalSection(SolutionConfigurationPlatforms) = preSolution
		Debug|Any CPU = Debug|Any CPU
		Release|Any CPU = Release|Any CPU
	EndGlobalSection
	GlobalSection(ProjectConfigurationPlatforms) = postSolution
		{364601C6-635F-4008-8F1E-553829F276FF}.Debug|Any CPU.ActiveCfg = Debug|Any CPU
		{364601C6-635F-4008-8F1E-553829F276FF}.Debug|Any CPU.Build.0 = Debug|Any CPU
		{364601C6-635F-4008-8F1E-553829F276FF}.Release|Any CPU.ActiveCfg = Release|Any CPU
		{364601C6-635F-4008-8F1E-553829F276FF}.Release|Any CPU.Build.0 = Release|Any CPU
	EndGlobalSection
	GlobalSection(SolutionProperties) = preSolution
		HideSolutionNode = FALSE
	EndGlobalSection
	GlobalSection(ExtensibilityGlobals) = postSolution
		SolutionGuid = {566B10E9-1971-4AE2-B483-39C90666FED3}
	EndGlobalSection
EndGlobal
