
Microsoft Visual Studio Solution File, Format Version 12.00
# Visual Studio Version 17
VisualStudioVersion = 17.7.34018.315
MinimumVisualStudioVersion = 10.0.40219.1
Project("{FAE04EC0-301F-11D3-BF4B-00C04F79EFBC}") = "cases", "cases.csproj", "{24D1BE45-01A4-48E4-9DD3-1AEAABC4B013}"
EndProject
Global
	GlobalSection(SolutionConfigurationPlatforms) = preSolution
		Debug|Any CPU = Debug|Any CPU
		Release|Any CPU = Release|Any CPU
	EndGlobalSection
	GlobalSection(ProjectConfigurationPlatforms) = postSolution
		{24D1BE45-01A4-48E4-9DD3-1AEAABC4B013}.Debug|Any CPU.ActiveCfg = Debug|Any CPU
		{24D1BE45-01A4-48E4-9DD3-1AEAABC4B013}.Debug|Any CPU.Build.0 = Debug|Any CPU
		{24D1BE45-01A4-48E4-9DD3-1AEAABC4B013}.Release|Any CPU.ActiveCfg = Release|Any CPU
		{24D1BE45-01A4-48E4-9DD3-1AEAABC4B013}.Release|Any CPU.Build.0 = Release|Any CPU
	EndGlobalSection
	GlobalSection(SolutionProperties) = preSolution
		HideSolutionNode = FALSE
	EndGlobalSection
	GlobalSection(ExtensibilityGlobals) = postSolution
		SolutionGuid = {18683B41-310F-4C84-A8EF-C9D7AFE7D8F5}
	EndGlobalSection
EndGlobal
